{
  "nodes": {
    "flake-parts": {
      "inputs": {
        "nixpkgs-lib": "nixpkgs-lib"
      },
      "locked": {
        "lastModified": 1743550720,
        "narHash": "sha256-hIshGgKZCgWh6AYJpJmRgFdR3WUbkY04o82X05xqQiY=",
        "owner": "hercules-ci",
        "repo": "flake-parts",
        "rev": "c621e8422220273271f52058f618c94e405bb0f5",
        "type": "github"
      },
      "original": {
        "owner": "hercules-ci",
        "repo": "flake-parts",
        "type": "github"
      }
    },
    "flake-parts_2": {
      "inputs": {
        "nixpkgs-lib": [
          "nixvim",
          "nixpkgs"
        ]
      },
      "locked": {
        "lastModified": 1743550720,
        "narHash": "sha256-hIshGgKZCgWh6AYJpJmRgFdR3WUbkY04o82X05xqQiY=",
        "owner": "hercules-ci",
        "repo": "flake-parts",
        "rev": "c621e8422220273271f52058f618c94e405bb0f5",
        "type": "github"
      },
      "original": {
        "owner": "hercules-ci",
        "repo": "flake-parts",
        "type": "github"
      }
    },
    "flake-utils": {
      "inputs": {
        "systems": "systems"
      },
      "locked": {
        "lastModified": 1731533236,
        "narHash": "sha256-l0KFg5HjrsfsO/JpG+r7fRrqm12kzFHyUHqHCVpMMbI=",
        "owner": "numtide",
        "repo": "flake-utils",
        "rev": "11707dc2f618dd54ca8739b309ec4fc024de578b",
        "type": "github"
      },
      "original": {
        "owner": "numtide",
        "repo": "flake-utils",
        "type": "github"
      }
    },
    "ixx": {
      "inputs": {
        "flake-utils": [
          "nixvim",
          "nuschtosSearch",
          "flake-utils"
        ],
        "nixpkgs": [
          "nixvim",
          "nuschtosSearch",
          "nixpkgs"
        ]
      },
      "locked": {
        "lastModified": 1729958008,
        "narHash": "sha256-EiOq8jF4Z/zQe0QYVc3+qSKxRK//CFHMB84aYrYGwEs=",
        "owner": "NuschtOS",
        "repo": "ixx",
        "rev": "9fd01aad037f345350eab2cd45e1946cc66da4eb",
        "type": "github"
      },
      "original": {
        "owner": "NuschtOS",
        "ref": "v0.0.6",
        "repo": "ixx",
        "type": "github"
      }
    },
    "nixpkgs": {
      "locked": {
        "lastModified": 1744463964,
        "narHash": "sha256-LWqduOgLHCFxiTNYi3Uj5Lgz0SR+Xhw3kr/3Xd0GPTM=",
        "owner": "nixos",
        "repo": "nixpkgs",
        "rev": "2631b0b7abcea6e640ce31cd78ea58910d31e650",
        "type": "github"
      },
      "original": {
        "owner": "nixos",
        "ref": "nixos-unstable",
        "repo": "nixpkgs",
        "type": "github"
      }
    },
    "nixpkgs-lib": {
      "locked": {
        "lastModified": 1743296961,
        "narHash": "sha256-b1EdN3cULCqtorQ4QeWgLMrd5ZGOjLSLemfa00heasc=",
        "owner": "nix-community",
        "repo": "nixpkgs.lib",
        "rev": "e4822aea2a6d1cdd36653c134cacfd64c97ff4fa",
        "type": "github"
      },
      "original": {
        "owner": "nix-community",
        "repo": "nixpkgs.lib",
        "type": "github"
      }
    },
    "nixpkgs_2": {
      "locked": {
        "lastModified": 1744157173,
        "narHash": "sha256-bWSjxDwq7iVePrhmA7tY2dyMWHuNJo8knkO4y+q4ZkY=",
        "owner": "NixOS",
        "repo": "nixpkgs",
        "rev": "6a39c6e495eefabc935d8ddf66aa45d85b85fa3f",
        "type": "github"
      },
      "original": {
        "owner": "NixOS",
        "ref": "nixpkgs-unstable",
        "repo": "nixpkgs",
        "type": "github"
      }
    },
    "nixvim": {
      "inputs": {
        "flake-parts": "flake-parts_2",
        "nixpkgs": "nixpkgs_2",
        "nuschtosSearch": "nuschtosSearch"
      },
      "locked": {
        "lastModified": 1744429493,
        "narHash": "sha256-T3nhF5uBFaLSoR4EM7/Yf5TuD2kghyqRlNCmcN4tQx0=",
        "owner": "nix-community",
        "repo": "nixvim",
        "rev": "1095b7f89192c1e2bc9b52d0d9660c02752afe5a",
        "type": "github"
      },
      "original": {
        "owner": "nix-community",
        "repo": "nixvim",
        "type": "github"
      }
    },
    "nuschtosSearch": {
      "inputs": {
        "flake-utils": "flake-utils",
        "ixx": "ixx",
        "nixpkgs": [
          "nixvim",
          "nixpkgs"
        ]
      },
      "locked": {
        "lastModified": 1743683223,
        "narHash": "sha256-LdXtHFvhEC3S64dphap1pkkzwjErbW65eH1VRerCUT0=",
        "owner": "NuschtOS",
        "repo": "search",
        "rev": "56a49ffef2908dad1e9a8adef1f18802bc760962",
        "type": "github"
      },
      "original": {
        "owner": "NuschtOS",
        "repo": "search",
        "type": "github"
      }
    },
    "plugin-surround": {
      "flake": false,
      "locked": {
        "lastModified": 1665378293,
        "narHash": "sha256-3A5KxgG54Gnp/anPYn+hkYzI4y5mV8qwu/MB/lIaWy4=",
        "owner": "ur4ltz",
        "repo": "surround.nvim",
        "rev": "36c253d6470910692491b13382f54c9bab2811e1",
        "type": "github"
      },
      "original": {
        "owner": "ur4ltz",
        "repo": "surround.nvim",
        "type": "github"
      }
    },
    "plugin-tokyodark": {
      "flake": false,
      "locked": {
        "lastModified": 1735789280,
        "narHash": "sha256-pEnA8s1666HYnHkpN1Xtni+W8vVy+AeUr5z7WY2RLo4=",
        "owner": "tiagovla",
        "repo": "tokyodark.nvim",
        "rev": "cc70a2fb809d5376f2bd8e5836f9bb3f5fb8ef43",
        "type": "github"
      },
      "original": {
        "owner": "tiagovla",
        "repo": "tokyodark.nvim",
        "type": "github"
      }
    },
    "plugin-treesitter": {
      "flake": false,
      "locked": {
        "lastModified": 1737210433,
        "narHash": "sha256-2bTSyQc/ubYPxXKjGT6c1//3ewutHQqZfmNjdrrBQYo=",
        "owner": "0xErwin",
        "repo": "nvim-treesitter",
        "rev": "9595f8569967a2b2fe58fb7199d50fcd57acd181",
        "type": "gitlab"
      },
      "original": {
        "owner": "0xErwin",
        "repo": "nvim-treesitter",
        "type": "gitlab"
      }
    },
    "root": {
      "inputs": {
        "flake-parts": "flake-parts",
        "nixpkgs": "nixpkgs",
        "nixvim": "nixvim",
        "plugin-surround": "plugin-surround",
        "plugin-tokyodark": "plugin-tokyodark",
        "plugin-treesitter": "plugin-treesitter",
        "tree-sitter-ignis": "tree-sitter-ignis",
        "tree-sitter-ion": "tree-sitter-ion"
      }
    },
    "systems": {
      "locked": {
        "lastModified": 1681028828,
        "narHash": "sha256-Vy1rq5AaRuLzOxct8nz4T6wlgyUR7zLU309k9mBC768=",
        "owner": "nix-systems",
        "repo": "default",
        "rev": "da67096a3b9bf56a91d16901293e51ba5b49a27e",
        "type": "github"
      },
      "original": {
        "owner": "nix-systems",
        "repo": "default",
        "type": "github"
      }
    },
    "tree-sitter-ignis": {
      "flake": false,
      "locked": {
        "lastModified": 1733483633,
        "narHash": "sha256-otgeFj63vMGs1DFmPZEEHEqUSmUfPDUL40a1yuYq2O0=",
        "owner": "0xErwin",
        "repo": "tree-sitter-ignis",
        "rev": "b071a650ca0dca29723693e7e0be04581c61cd4b",
        "type": "gitlab"
      },
      "original": {
        "owner": "0xErwin",
        "repo": "tree-sitter-ignis",
        "type": "gitlab"
      }
    },
    "tree-sitter-ion": {
      "flake": false,
      "locked": {
        "lastModified": 1712257398,
        "narHash": "sha256-A8ZaZamxtq9m0uuEGsygldzDJo67SvJI+w2JQupNIxg=",
        "owner": "0xErwin",
        "repo": "tree-sitter-ion",
        "rev": "3d87d54106c3b71fd90efda2b8bd442d1b4a3314",
        "type": "gitlab"
      },
      "original": {
        "owner": "0xErwin",
        "repo": "tree-sitter-ion",
        "type": "gitlab"
      }
    }
  },
  "root": "root",
  "version": 7
}
